{
  "requires": true,
  "lockfileVersion": 1,
  "dependencies": {
    "@emotion/core": {
      "version": "11.0.0",
      "resolved": "https://registry.npmjs.org/@emotion/core/-/core-11.0.0.tgz",
      "integrity": "sha512-w4sE3AmHmyG6RDKf6mIbtHpgJUSJ2uGvPQb8VXFL7hFjMPibE8IiehG8cMX3Ztm4svfCQV6KqusQbeIOkurBcA=="
    }
  }
}
